// !$*UTF8*$!
{
	archiveVersion = 1;
	classes = {
	};
	objectVersion = 56;
	objects = {

/* Begin PBXBuildFile section */
		4A0000000000000000000001 /* BubuDietApp.swift in Sources */ = {isa = PBXBuildFile; fileRef = 3A0000000000000000000003 /* BubuDietApp.swift */; };
		4A0000000000000000000002 /* FoodItem.swift in Sources */ = {isa = PBXBuildFile; fileRef = 3A0000000000000000000004 /* FoodItem.swift */; };
		4A0000000000000000000003 /* Meal.swift in Sources */ = {isa = PBXBuildFile; fileRef = 3A0000000000000000000005 /* Meal.swift */; };
		4A0000000000000000000004 /* DailyPlan.swift in Sources */ = {isa = PBXBuildFile; fileRef = 3A0000000000000000000006 /* DailyPlan.swift */; };
		4A0000000000000000000005 /* WeeklyPlan.swift in Sources */ = {isa = PBXBuildFile; fileRef = 3A0000000000000000000007 /* WeeklyPlan.swift */; };
		4A0000000000000000000006 /* GroceryItem.swift in Sources */ = {isa = PBXBuildFile; fileRef = 3A0000000000000000000008 /* GroceryItem.swift */; };
		4A0000000000000000000007 /* WeightEntry.swift in Sources */ = {isa = PBXBuildFile; fileRef = 3A0000000000000000000009 /* WeightEntry.swift */; };
		4A0000000000000000000008 /* ExerciseTask.swift in Sources */ = {isa = PBXBuildFile; fileRef = 3A000000000000000000000A /* ExerciseTask.swift */; };
		4A0000000000000000000009 /* AppSettings.swift in Sources */ = {isa = PBXBuildFile; fileRef = 3A000000000000000000000B /* AppSettings.swift */; };
		4A000000000000000000000A /* NotificationPreferences.swift in Sources */ = {isa = PBXBuildFile; fileRef = 3A000000000000000000000C /* NotificationPreferences.swift */; };
		4A000000000000000000000B /* AISuggestionResponse.swift in Sources */ = {isa = PBXBuildFile; fileRef = 3A000000000000000000000D /* AISuggestionResponse.swift */; };
		4A000000000000000000000C /* WidgetSnapshot.swift in Sources */ = {isa = PBXBuildFile; fileRef = 3A000000000000000000000E /* WidgetSnapshot.swift */; };
		4A000000000000000000000D /* HomeViewModel.swift in Sources */ = {isa = PBXBuildFile; fileRef = 3A000000000000000000000F /* HomeViewModel.swift */; };
		4A000000000000000000000E /* MealPlanViewModel.swift in Sources */ = {isa = PBXBuildFile; fileRef = 3A0000000000000000000010 /* MealPlanViewModel.swift */; };
		4A000000000000000000000F /* GroceryListViewModel.swift in Sources */ = {isa = PBXBuildFile; fileRef = 3A0000000000000000000011 /* GroceryListViewModel.swift */; };
		4A0000000000000000000010 /* ProgressViewModel.swift in Sources */ = {isa = PBXBuildFile; fileRef = 3A0000000000000000000012 /* ProgressViewModel.swift */; };
		4A0000000000000000000011 /* SettingsViewModel.swift in Sources */ = {isa = PBXBuildFile; fileRef = 3A0000000000000000000013 /* SettingsViewModel.swift */; };
		4A0000000000000000000012 /* NotificationViewModel.swift in Sources */ = {isa = PBXBuildFile; fileRef = 3A0000000000000000000014 /* NotificationViewModel.swift */; };
		4A0000000000000000000013 /* AIViewModel.swift in Sources */ = {isa = PBXBuildFile; fileRef = 3A0000000000000000000015 /* AIViewModel.swift */; };
		4A0000000000000000000014 /* ExerciseViewModel.swift in Sources */ = {isa = PBXBuildFile; fileRef = 3A0000000000000000000016 /* ExerciseViewModel.swift */; };
		4A0000000000000000000015 /* MealPlannerService.swift in Sources */ = {isa = PBXBuildFile; fileRef = 3A0000000000000000000017 /* MealPlannerService.swift */; };
		4A0000000000000000000016 /* GroceryGeneratorService.swift in Sources */ = {isa = PBXBuildFile; fileRef = 3A0000000000000000000018 /* GroceryGeneratorService.swift */; };
		4A0000000000000000000017 /* NotificationService.swift in Sources */ = {isa = PBXBuildFile; fileRef = 3A0000000000000000000019 /* NotificationService.swift */; };
		4A0000000000000000000018 /* StorageService.swift in Sources */ = {isa = PBXBuildFile; fileRef = 3A000000000000000000001A /* StorageService.swift */; };
		4A0000000000000000000019 /* AIService.swift in Sources */ = {isa = PBXBuildFile; fileRef = 3A000000000000000000001B /* AIService.swift */; };
		4A000000000000000000001A /* WidgetSyncService.swift in Sources */ = {isa = PBXBuildFile; fileRef = 3A000000000000000000001C /* WidgetSyncService.swift */; };
		4A000000000000000000001B /* HomeView.swift in Sources */ = {isa = PBXBuildFile; fileRef = 3A000000000000000000001D /* HomeView.swift */; };
		4A000000000000000000001C /* CalorieRingView.swift in Sources */ = {isa = PBXBuildFile; fileRef = 3A000000000000000000001E /* CalorieRingView.swift */; };
		4A000000000000000000001D /* SummaryCardView.swift in Sources */ = {isa = PBXBuildFile; fileRef = 3A000000000000000000001F /* SummaryCardView.swift */; };
		4A000000000000000000001E /* DailyMealPlanView.swift in Sources */ = {isa = PBXBuildFile; fileRef = 3A0000000000000000000020 /* DailyMealPlanView.swift */; };
		4A000000000000000000001F /* WeeklyMealPlanView.swift in Sources */ = {isa = PBXBuildFile; fileRef = 3A0000000000000000000021 /* WeeklyMealPlanView.swift */; };
		4A0000000000000000000020 /* MealCardView.swift in Sources */ = {isa = PBXBuildFile; fileRef = 3A0000000000000000000022 /* MealCardView.swift */; };
		4A0000000000000000000021 /* GroceryListView.swift in Sources */ = {isa = PBXBuildFile; fileRef = 3A0000000000000000000023 /* GroceryListView.swift */; };
		4A0000000000000000000022 /* ProgressView.swift in Sources */ = {isa = PBXBuildFile; fileRef = 3A0000000000000000000024 /* ProgressView.swift */; };
		4A0000000000000000000023 /* WeightChartView.swift in Sources */ = {isa = PBXBuildFile; fileRef = 3A0000000000000000000025 /* WeightChartView.swift */; };
		4A0000000000000000000024 /* ExercisePlanView.swift in Sources */ = {isa = PBXBuildFile; fileRef = 3A0000000000000000000026 /* ExercisePlanView.swift */; };
		4A0000000000000000000025 /* AIMealSuggestionView.swift in Sources */ = {isa = PBXBuildFile; fileRef = 3A0000000000000000000027 /* AIMealSuggestionView.swift */; };
		4A0000000000000000000026 /* SettingsView.swift in Sources */ = {isa = PBXBuildFile; fileRef = 3A0000000000000000000028 /* SettingsView.swift */; };
		4A0000000000000000000027 /* Extensions.swift in Sources */ = {isa = PBXBuildFile; fileRef = 3A0000000000000000000029 /* Extensions.swift */; };
		4A0000000000000000000028 /* Constants.swift in Sources */ = {isa = PBXBuildFile; fileRef = 3A000000000000000000002A /* Constants.swift */; };
		4A0000000000000000000029 /* Theme.swift in Sources */ = {isa = PBXBuildFile; fileRef = 3A000000000000000000002B /* Theme.swift */; };
		4A000000000000000000002A /* SampleData.swift in Sources */ = {isa = PBXBuildFile; fileRef = 3A000000000000000000002C /* SampleData.swift */; };
		4A000000000000000000002B /* BubuDietWidget.swift in Sources */ = {isa = PBXBuildFile; fileRef = 3A000000000000000000002D /* BubuDietWidget.swift */; };
		4A000000000000000000002C /* BubuDietWidgetBundle.swift in Sources */ = {isa = PBXBuildFile; fileRef = 3A000000000000000000002E /* BubuDietWidgetBundle.swift */; };
		4A000000000000000000002D /* WidgetSnapshot.swift in Sources */ = {isa = PBXBuildFile; fileRef = 3A000000000000000000000E /* WidgetSnapshot.swift */; };
		4A000000000000000000002E /* Extensions.swift in Sources */ = {isa = PBXBuildFile; fileRef = 3A0000000000000000000029 /* Extensions.swift */; };
		4A000000000000000000002F /* Constants.swift in Sources */ = {isa = PBXBuildFile; fileRef = 3A000000000000000000002A /* Constants.swift */; };
		4A0000000000000000000030 /* Config.example.plist in Resources */ = {isa = PBXBuildFile; fileRef = 3A000000000000000000002F /* Config.example.plist */; };
		4A0000000000000000000031 /* Assets.xcassets in Resources */ = {isa = PBXBuildFile; fileRef = 3A0000000000000000000032 /* Assets.xcassets */; };
		4A0000000000000000000032 /* BubuDietWidgetExtension.appex in Embed App Extensions */ = {isa = PBXBuildFile; fileRef = 3A0000000000000000000002 /* BubuDietWidgetExtension.appex */; settings = {ATTRIBUTES = (CodeSignOnCopy, RemoveHeadersOnCopy, ); }; };
/* End PBXBuildFile section */

/* Begin PBXContainerItemProxy section */
		2A0000000000000000000008 /* PBXContainerItemProxy */ = {
			isa = PBXContainerItemProxy;
			containerPortal = 1A0000000000000000000001 /* Project object */;
			proxyType = 1;
			remoteGlobalIDString = 2A000000000000000000000B;
			remoteInfo = BubuDietWidgetExtension;
		};
/* End PBXContainerItemProxy section */

/* Begin PBXCopyFilesBuildPhase section */
		2A0000000000000000000004 /* Embed App Extensions */ = {
			isa = PBXCopyFilesBuildPhase;
			buildActionMask = 2147483647;
			dstPath = "";
			dstSubfolderSpec = 13;
			files = (
				4A0000000000000000000032 /* BubuDietWidgetExtension.appex in Embed App Extensions */,
			);
			name = "Embed App Extensions";
			runOnlyForDeploymentPostprocessing = 0;
		};
/* End PBXCopyFilesBuildPhase section */

/* Begin PBXFileReference section */
		3A0000000000000000000001 /* BubuDiet.app */ = {isa = PBXFileReference; explicitFileType = wrapper.application; includeInIndex = 0; path = BubuDiet.app; sourceTree = BUILT_PRODUCTS_DIR; };
		3A0000000000000000000002 /* BubuDietWidgetExtension.appex */ = {isa = PBXFileReference; explicitFileType = "wrapper.app-extension"; includeInIndex = 0; path = BubuDietWidgetExtension.appex; sourceTree = BUILT_PRODUCTS_DIR; };
		3A0000000000000000000003 /* BubuDietApp.swift */ = {isa = PBXFileReference; lastKnownFileType = sourcecode.swift; path = BubuDietApp.swift; sourceTree = "<group>"; };
		3A0000000000000000000004 /* FoodItem.swift */ = {isa = PBXFileReference; lastKnownFileType = sourcecode.swift; path = FoodItem.swift; sourceTree = "<group>"; };
		3A0000000000000000000005 /* Meal.swift */ = {isa = PBXFileReference; lastKnownFileType = sourcecode.swift; path = Meal.swift; sourceTree = "<group>"; };
		3A0000000000000000000006 /* DailyPlan.swift */ = {isa = PBXFileReference; lastKnownFileType = sourcecode.swift; path = DailyPlan.swift; sourceTree = "<group>"; };
		3A0000000000000000000007 /* WeeklyPlan.swift */ = {isa = PBXFileReference; lastKnownFileType = sourcecode.swift; path = WeeklyPlan.swift; sourceTree = "<group>"; };
		3A0000000000000000000008 /* GroceryItem.swift */ = {isa = PBXFileReference; lastKnownFileType = sourcecode.swift; path = GroceryItem.swift; sourceTree = "<group>"; };
		3A0000000000000000000009 /* WeightEntry.swift */ = {isa = PBXFileReference; lastKnownFileType = sourcecode.swift; path = WeightEntry.swift; sourceTree = "<group>"; };
		3A000000000000000000000A /* ExerciseTask.swift */ = {isa = PBXFileReference; lastKnownFileType = sourcecode.swift; path = ExerciseTask.swift; sourceTree = "<group>"; };
		3A000000000000000000000B /* AppSettings.swift */ = {isa = PBXFileReference; lastKnownFileType = sourcecode.swift; path = AppSettings.swift; sourceTree = "<group>"; };
		3A000000000000000000000C /* NotificationPreferences.swift */ = {isa = PBXFileReference; lastKnownFileType = sourcecode.swift; path = NotificationPreferences.swift; sourceTree = "<group>"; };
		3A000000000000000000000D /* AISuggestionResponse.swift */ = {isa = PBXFileReference; lastKnownFileType = sourcecode.swift; path = AISuggestionResponse.swift; sourceTree = "<group>"; };
		3A000000000000000000000E /* WidgetSnapshot.swift */ = {isa = PBXFileReference; lastKnownFileType = sourcecode.swift; path = WidgetSnapshot.swift; sourceTree = "<group>"; };
		3A000000000000000000000F /* HomeViewModel.swift */ = {isa = PBXFileReference; lastKnownFileType = sourcecode.swift; path = HomeViewModel.swift; sourceTree = "<group>"; };
		3A0000000000000000000010 /* MealPlanViewModel.swift */ = {isa = PBXFileReference; lastKnownFileType = sourcecode.swift; path = MealPlanViewModel.swift; sourceTree = "<group>"; };
		3A0000000000000000000011 /* GroceryListViewModel.swift */ = {isa = PBXFileReference; lastKnownFileType = sourcecode.swift; path = GroceryListViewModel.swift; sourceTree = "<group>"; };
		3A0000000000000000000012 /* ProgressViewModel.swift */ = {isa = PBXFileReference; lastKnownFileType = sourcecode.swift; path = ProgressViewModel.swift; sourceTree = "<group>"; };
		3A0000000000000000000013 /* SettingsViewModel.swift */ = {isa = PBXFileReference; lastKnownFileType = sourcecode.swift; path = SettingsViewModel.swift; sourceTree = "<group>"; };
		3A0000000000000000000014 /* NotificationViewModel.swift */ = {isa = PBXFileReference; lastKnownFileType = sourcecode.swift; path = NotificationViewModel.swift; sourceTree = "<group>"; };
		3A0000000000000000000015 /* AIViewModel.swift */ = {isa = PBXFileReference; lastKnownFileType = sourcecode.swift; path = AIViewModel.swift; sourceTree = "<group>"; };
		3A0000000000000000000016 /* ExerciseViewModel.swift */ = {isa = PBXFileReference; lastKnownFileType = sourcecode.swift; path = ExerciseViewModel.swift; sourceTree = "<group>"; };
		3A0000000000000000000017 /* MealPlannerService.swift */ = {isa = PBXFileReference; lastKnownFileType = sourcecode.swift; path = MealPlannerService.swift; sourceTree = "<group>"; };
		3A0000000000000000000018 /* GroceryGeneratorService.swift */ = {isa = PBXFileReference; lastKnownFileType = sourcecode.swift; path = GroceryGeneratorService.swift; sourceTree = "<group>"; };
		3A0000000000000000000019 /* NotificationService.swift */ = {isa = PBXFileReference; lastKnownFileType = sourcecode.swift; path = NotificationService.swift; sourceTree = "<group>"; };
		3A000000000000000000001A /* StorageService.swift */ = {isa = PBXFileReference; lastKnownFileType = sourcecode.swift; path = StorageService.swift; sourceTree = "<group>"; };
		3A000000000000000000001B /* AIService.swift */ = {isa = PBXFileReference; lastKnownFileType = sourcecode.swift; path = AIService.swift; sourceTree = "<group>"; };
		3A000000000000000000001C /* WidgetSyncService.swift */ = {isa = PBXFileReference; lastKnownFileType = sourcecode.swift; path = WidgetSyncService.swift; sourceTree = "<group>"; };
		3A000000000000000000001D /* HomeView.swift */ = {isa = PBXFileReference; lastKnownFileType = sourcecode.swift; path = HomeView.swift; sourceTree = "<group>"; };
		3A000000000000000000001E /* CalorieRingView.swift */ = {isa = PBXFileReference; lastKnownFileType = sourcecode.swift; path = CalorieRingView.swift; sourceTree = "<group>"; };
		3A000000000000000000001F /* SummaryCardView.swift */ = {isa = PBXFileReference; lastKnownFileType = sourcecode.swift; path = SummaryCardView.swift; sourceTree = "<group>"; };
		3A0000000000000000000020 /* DailyMealPlanView.swift */ = {isa = PBXFileReference; lastKnownFileType = sourcecode.swift; path = DailyMealPlanView.swift; sourceTree = "<group>"; };
		3A0000000000000000000021 /* WeeklyMealPlanView.swift */ = {isa = PBXFileReference; lastKnownFileType = sourcecode.swift; path = WeeklyMealPlanView.swift; sourceTree = "<group>"; };
		3A0000000000000000000022 /* MealCardView.swift */ = {isa = PBXFileReference; lastKnownFileType = sourcecode.swift; path = MealCardView.swift; sourceTree = "<group>"; };
		3A0000000000000000000023 /* GroceryListView.swift */ = {isa = PBXFileReference; lastKnownFileType = sourcecode.swift; path = GroceryListView.swift; sourceTree = "<group>"; };
		3A0000000000000000000024 /* ProgressView.swift */ = {isa = PBXFileReference; lastKnownFileType = sourcecode.swift; path = ProgressView.swift; sourceTree = "<group>"; };
		3A0000000000000000000025 /* WeightChartView.swift */ = {isa = PBXFileReference; lastKnownFileType = sourcecode.swift; path = WeightChartView.swift; sourceTree = "<group>"; };
		3A0000000000000000000026 /* ExercisePlanView.swift */ = {isa = PBXFileReference; lastKnownFileType = sourcecode.swift; path = ExercisePlanView.swift; sourceTree = "<group>"; };
		3A0000000000000000000027 /* AIMealSuggestionView.swift */ = {isa = PBXFileReference; lastKnownFileType = sourcecode.swift; path = AIMealSuggestionView.swift; sourceTree = "<group>"; };
		3A0000000000000000000028 /* SettingsView.swift */ = {isa = PBXFileReference; lastKnownFileType = sourcecode.swift; path = SettingsView.swift; sourceTree = "<group>"; };
		3A0000000000000000000029 /* Extensions.swift */ = {isa = PBXFileReference; lastKnownFileType = sourcecode.swift; path = Extensions.swift; sourceTree = "<group>"; };
		3A000000000000000000002A /* Constants.swift */ = {isa = PBXFileReference; lastKnownFileType = sourcecode.swift; path = Constants.swift; sourceTree = "<group>"; };
		3A000000000000000000002B /* Theme.swift */ = {isa = PBXFileReference; lastKnownFileType = sourcecode.swift; path = Theme.swift; sourceTree = "<group>"; };
		3A000000000000000000002C /* SampleData.swift */ = {isa = PBXFileReference; lastKnownFileType = sourcecode.swift; path = SampleData.swift; sourceTree = "<group>"; };
		3A000000000000000000002D /* BubuDietWidget.swift */ = {isa = PBXFileReference; lastKnownFileType = sourcecode.swift; path = BubuDietWidget.swift; sourceTree = "<group>"; };
		3A000000000000000000002E /* BubuDietWidgetBundle.swift */ = {isa = PBXFileReference; lastKnownFileType = sourcecode.swift; path = BubuDietWidgetBundle.swift; sourceTree = "<group>"; };
		3A000000000000000000002F /* Config.example.plist */ = {isa = PBXFileReference; lastKnownFileType = text.plist.xml; path = Config.example.plist; sourceTree = "<group>"; };
		3A0000000000000000000030 /* BubuDiet-Info.plist */ = {isa = PBXFileReference; lastKnownFileType = text.plist.xml; path = "BubuDiet-Info.plist"; sourceTree = "<group>"; };
		3A0000000000000000000031 /* BubuDietWidget-Info.plist */ = {isa = PBXFileReference; lastKnownFileType = text.plist.xml; path = "BubuDietWidget-Info.plist"; sourceTree = "<group>"; };
		3A0000000000000000000032 /* Assets.xcassets */ = {isa = PBXFileReference; lastKnownFileType = folder.assetcatalog; path = Assets.xcassets; sourceTree = "<group>"; };
		3A0000000000000000000033 /* BubuDiet.entitlements */ = {isa = PBXFileReference; lastKnownFileType = text.plist.entitlements; path = BubuDiet.entitlements; sourceTree = "<group>"; };
		3A0000000000000000000034 /* BubuDietWidget.entitlements */ = {isa = PBXFileReference; lastKnownFileType = text.plist.entitlements; path = BubuDietWidget.entitlements; sourceTree = "<group>"; };
/* End PBXFileReference section */

/* Begin PBXFrameworksBuildPhase section */
		2A0000000000000000000002 /* Frameworks */ = {
			isa = PBXFrameworksBuildPhase;
			buildActionMask = 2147483647;
			files = (
			);
			runOnlyForDeploymentPostprocessing = 0;
		};
		2A0000000000000000000006 /* Frameworks */ = {
			isa = PBXFrameworksBuildPhase;
			buildActionMask = 2147483647;
			files = (
			);
			runOnlyForDeploymentPostprocessing = 0;
		};
/* End PBXFrameworksBuildPhase section */

/* Begin PBXGroup section */
		1A0000000000000000000010 = {
			isa = PBXGroup;
			children = (
				1A0000000000000000000012 /* BubuDiet */,
				1A0000000000000000000011 /* Products */,
			);
			sourceTree = "<group>";
		};
		1A0000000000000000000011 /* Products */ = {
			isa = PBXGroup;
			children = (
				3A0000000000000000000001 /* BubuDiet.app */,
				3A0000000000000000000002 /* BubuDietWidgetExtension.appex */,
			);
			name = Products;
			sourceTree = "<group>";
		};
		1A0000000000000000000012 /* BubuDiet */ = {
			isa = PBXGroup;
			children = (
				1A0000000000000000000013 /* App */,
				1A0000000000000000000014 /* Models */,
				1A0000000000000000000015 /* ViewModels */,
				1A0000000000000000000016 /* Services */,
				1A0000000000000000000017 /* Views */,
				1A000000000000000000001F /* Widgets */,
				1A0000000000000000000020 /* Resources */,
				1A0000000000000000000021 /* Utilities */,
				3A0000000000000000000033 /* BubuDiet.entitlements */,
				3A0000000000000000000034 /* BubuDietWidget.entitlements */,
			);
			path = BubuDiet;
			sourceTree = "<group>";
		};
		1A0000000000000000000013 /* App */ = {
			isa = PBXGroup;
			children = (
				3A0000000000000000000003 /* BubuDietApp.swift */,
			);
			path = App;
			sourceTree = "<group>";
		};
		1A0000000000000000000014 /* Models */ = {
			isa = PBXGroup;
			children = (
				3A0000000000000000000004 /* FoodItem.swift */,
				3A0000000000000000000005 /* Meal.swift */,
				3A0000000000000000000006 /* DailyPlan.swift */,
				3A0000000000000000000007 /* WeeklyPlan.swift */,
				3A0000000000000000000008 /* GroceryItem.swift */,
				3A0000000000000000000009 /* WeightEntry.swift */,
				3A000000000000000000000A /* ExerciseTask.swift */,
				3A000000000000000000000B /* AppSettings.swift */,
				3A000000000000000000000C /* NotificationPreferences.swift */,
				3A000000000000000000000D /* AISuggestionResponse.swift */,
				3A000000000000000000000E /* WidgetSnapshot.swift */,
			);
			path = Models;
			sourceTree = "<group>";
		};
		1A0000000000000000000015 /* ViewModels */ = {
			isa = PBXGroup;
			children = (
				3A000000000000000000000F /* HomeViewModel.swift */,
				3A0000000000000000000010 /* MealPlanViewModel.swift */,
				3A0000000000000000000011 /* GroceryListViewModel.swift */,
				3A0000000000000000000012 /* ProgressViewModel.swift */,
				3A0000000000000000000013 /* SettingsViewModel.swift */,
				3A0000000000000000000014 /* NotificationViewModel.swift */,
				3A0000000000000000000015 /* AIViewModel.swift */,
				3A0000000000000000000016 /* ExerciseViewModel.swift */,
			);
			path = ViewModels;
			sourceTree = "<group>";
		};
		1A0000000000000000000016 /* Services */ = {
			isa = PBXGroup;
			children = (
				3A0000000000000000000017 /* MealPlannerService.swift */,
				3A0000000000000000000018 /* GroceryGeneratorService.swift */,
				3A0000000000000000000019 /* NotificationService.swift */,
				3A000000000000000000001A /* StorageService.swift */,
				3A000000000000000000001B /* AIService.swift */,
				3A000000000000000000001C /* WidgetSyncService.swift */,
			);
			path = Services;
			sourceTree = "<group>";
		};
		1A0000000000000000000017 /* Views */ = {
			isa = PBXGroup;
			children = (
				1A0000000000000000000018 /* Home */,
				1A0000000000000000000019 /* Meals */,
				1A000000000000000000001A /* Grocery */,
				1A000000000000000000001B /* Progress */,
				1A000000000000000000001C /* Exercise */,
				1A000000000000000000001D /* AI */,
				1A000000000000000000001E /* Settings */,
			);
			path = Views;
			sourceTree = "<group>";
		};
		1A0000000000000000000018 /* Home */ = {
			isa = PBXGroup;
			children = (
				3A000000000000000000001D /* HomeView.swift */,
				3A000000000000000000001E /* CalorieRingView.swift */,
				3A000000000000000000001F /* SummaryCardView.swift */,
			);
			path = Home;
			sourceTree = "<group>";
		};
		1A0000000000000000000019 /* Meals */ = {
			isa = PBXGroup;
			children = (
				3A0000000000000000000020 /* DailyMealPlanView.swift */,
				3A0000000000000000000021 /* WeeklyMealPlanView.swift */,
				3A0000000000000000000022 /* MealCardView.swift */,
			);
			path = Meals;
			sourceTree = "<group>";
		};
		1A000000000000000000001A /* Grocery */ = {
			isa = PBXGroup;
			children = (
				3A0000000000000000000023 /* GroceryListView.swift */,
			);
			path = Grocery;
			sourceTree = "<group>";
		};
		1A000000000000000000001B /* Progress */ = {
			isa = PBXGroup;
			children = (
				3A0000000000000000000024 /* ProgressView.swift */,
				3A0000000000000000000025 /* WeightChartView.swift */,
			);
			path = Progress;
			sourceTree = "<group>";
		};
		1A000000000000000000001C /* Exercise */ = {
			isa = PBXGroup;
			children = (
				3A0000000000000000000026 /* ExercisePlanView.swift */,
			);
			path = Exercise;
			sourceTree = "<group>";
		};
		1A000000000000000000001D /* AI */ = {
			isa = PBXGroup;
			children = (
				3A0000000000000000000027 /* AIMealSuggestionView.swift */,
			);
			path = AI;
			sourceTree = "<group>";
		};
		1A000000000000000000001E /* Settings */ = {
			isa = PBXGroup;
			children = (
				3A0000000000000000000028 /* SettingsView.swift */,
			);
			path = Settings;
			sourceTree = "<group>";
		};
		1A000000000000000000001F /* Widgets */ = {
			isa = PBXGroup;
			children = (
				3A000000000000000000002D /* BubuDietWidget.swift */,
				3A000000000000000000002E /* BubuDietWidgetBundle.swift */,
			);
			path = Widgets;
			sourceTree = "<group>";
		};
		1A0000000000000000000020 /* Resources */ = {
			isa = PBXGroup;
			children = (
				3A000000000000000000002C /* SampleData.swift */,
				3A000000000000000000002F /* Config.example.plist */,
				3A0000000000000000000030 /* BubuDiet-Info.plist */,
				3A0000000000000000000031 /* BubuDietWidget-Info.plist */,
				3A0000000000000000000032 /* Assets.xcassets */,
			);
			path = Resources;
			sourceTree = "<group>";
		};
		1A0000000000000000000021 /* Utilities */ = {
			isa = PBXGroup;
			children = (
				3A0000000000000000000029 /* Extensions.swift */,
				3A000000000000000000002A /* Constants.swift */,
				3A000000000000000000002B /* Theme.swift */,
			);
			path = Utilities;
			sourceTree = "<group>";
		};
/* End PBXGroup section */

/* Begin PBXNativeTarget section */
		2A000000000000000000000A /* BubuDiet */ = {
			isa = PBXNativeTarget;
			buildConfigurationList = 5A0000000000000000000002 /* Build configuration list for PBXNativeTarget "BubuDiet" */;
			buildPhases = (
				2A0000000000000000000001 /* Sources */,
				2A0000000000000000000002 /* Frameworks */,
				2A0000000000000000000003 /* Resources */,
				2A0000000000000000000004 /* Embed App Extensions */,
			);
			buildRules = (
			);
			dependencies = (
				2A0000000000000000000009 /* PBXTargetDependency */,
			);
			name = BubuDiet;
			productName = BubuDiet;
			productReference = 3A0000000000000000000001 /* BubuDiet.app */;
			productType = "com.apple.product-type.application";
		};
		2A000000000000000000000B /* BubuDietWidgetExtension */ = {
			isa = PBXNativeTarget;
			buildConfigurationList = 5A0000000000000000000003 /* Build configuration list for PBXNativeTarget "BubuDietWidgetExtension" */;
			buildPhases = (
				2A0000000000000000000005 /* Sources */,
				2A0000000000000000000006 /* Frameworks */,
				2A0000000000000000000007 /* Resources */,
			);
			buildRules = (
			);
			dependencies = (
			);
			name = BubuDietWidgetExtension;
			productName = BubuDietWidgetExtension;
			productReference = 3A0000000000000000000002 /* BubuDietWidgetExtension.appex */;
			productType = "com.apple.product-type.app-extension";
		};
/* End PBXNativeTarget section */

/* Begin PBXProject section */
		1A0000000000000000000001 /* Project object */ = {
			isa = PBXProject;
			attributes = {
				LastSwiftUpdateCheck = 1600;
				LastUpgradeCheck = 1600;
				TargetAttributes = {
					2A000000000000000000000A = {
						CreatedOnToolsVersion = 16.0;
						ProvisioningStyle = Automatic;
					};
					2A000000000000000000000B = {
						CreatedOnToolsVersion = 16.0;
						ProvisioningStyle = Automatic;
					};
				};
			};
			buildConfigurationList = 5A0000000000000000000001 /* Build configuration list for PBXProject "BubuDiet" */;
			compatibilityVersion = "Xcode 14.0";
			developmentRegion = en;
			hasScannedForEncodings = 0;
			knownRegions = (
				en,
				Base,
			);
			mainGroup = 1A0000000000000000000010;
			productRefGroup = 1A0000000000000000000011 /* Products */;
			projectDirPath = "";
			projectRoot = "";
			targets = (
				2A000000000000000000000A /* BubuDiet */,
				2A000000000000000000000B /* BubuDietWidgetExtension */,
			);
		};
/* End PBXProject section */

/* Begin PBXResourcesBuildPhase section */
		2A0000000000000000000003 /* Resources */ = {
			isa = PBXResourcesBuildPhase;
			buildActionMask = 2147483647;
			files = (
				4A0000000000000000000030 /* Config.example.plist in Resources */,
				4A0000000000000000000031 /* Assets.xcassets in Resources */,
			);
			runOnlyForDeploymentPostprocessing = 0;
		};
		2A0000000000000000000007 /* Resources */ = {
			isa = PBXResourcesBuildPhase;
			buildActionMask = 2147483647;
			files = (
			);
			runOnlyForDeploymentPostprocessing = 0;
		};
/* End PBXResourcesBuildPhase section */

/* Begin PBXSourcesBuildPhase section */
		2A0000000000000000000001 /* Sources */ = {
			isa = PBXSourcesBuildPhase;
			buildActionMask = 2147483647;
			files = (
				4A0000000000000000000001 /* BubuDietApp.swift in Sources */,
				4A0000000000000000000002 /* FoodItem.swift in Sources */,
				4A0000000000000000000003 /* Meal.swift in Sources */,
				4A0000000000000000000004 /* DailyPlan.swift in Sources */,
				4A0000000000000000000005 /* WeeklyPlan.swift in Sources */,
				4A0000000000000000000006 /* GroceryItem.swift in Sources */,
				4A0000000000000000000007 /* WeightEntry.swift in Sources */,
				4A0000000000000000000008 /* ExerciseTask.swift in Sources */,
				4A0000000000000000000009 /* AppSettings.swift in Sources */,
				4A000000000000000000000A /* NotificationPreferences.swift in Sources */,
				4A000000000000000000000B /* AISuggestionResponse.swift in Sources */,
				4A000000000000000000000C /* WidgetSnapshot.swift in Sources */,
				4A000000000000000000000D /* HomeViewModel.swift in Sources */,
				4A000000000000000000000E /* MealPlanViewModel.swift in Sources */,
				4A000000000000000000000F /* GroceryListViewModel.swift in Sources */,
				4A0000000000000000000010 /* ProgressViewModel.swift in Sources */,
				4A0000000000000000000011 /* SettingsViewModel.swift in Sources */,
				4A0000000000000000000012 /* NotificationViewModel.swift in Sources */,
				4A0000000000000000000013 /* AIViewModel.swift in Sources */,
				4A0000000000000000000014 /* ExerciseViewModel.swift in Sources */,
				4A0000000000000000000015 /* MealPlannerService.swift in Sources */,
				4A0000000000000000000016 /* GroceryGeneratorService.swift in Sources */,
				4A0000000000000000000017 /* NotificationService.swift in Sources */,
				4A0000000000000000000018 /* StorageService.swift in Sources */,
				4A0000000000000000000019 /* AIService.swift in Sources */,
				4A000000000000000000001A /* WidgetSyncService.swift in Sources */,
				4A000000000000000000001B /* HomeView.swift in Sources */,
				4A000000000000000000001C /* CalorieRingView.swift in Sources */,
				4A000000000000000000001D /* SummaryCardView.swift in Sources */,
				4A000000000000000000001E /* DailyMealPlanView.swift in Sources */,
				4A000000000000000000001F /* WeeklyMealPlanView.swift in Sources */,
				4A0000000000000000000020 /* MealCardView.swift in Sources */,
				4A0000000000000000000021 /* GroceryListView.swift in Sources */,
				4A0000000000000000000022 /* ProgressView.swift in Sources */,
				4A0000000000000000000023 /* WeightChartView.swift in Sources */,
				4A0000000000000000000024 /* ExercisePlanView.swift in Sources */,
				4A0000000000000000000025 /* AIMealSuggestionView.swift in Sources */,
				4A0000000000000000000026 /* SettingsView.swift in Sources */,
				4A0000000000000000000027 /* Extensions.swift in Sources */,
				4A0000000000000000000028 /* Constants.swift in Sources */,
				4A0000000000000000000029 /* Theme.swift in Sources */,
				4A000000000000000000002A /* SampleData.swift in Sources */,
			);
			runOnlyForDeploymentPostprocessing = 0;
		};
		2A0000000000000000000005 /* Sources */ = {
			isa = PBXSourcesBuildPhase;
			buildActionMask = 2147483647;
			files = (
				4A000000000000000000002B /* BubuDietWidget.swift in Sources */,
				4A000000000000000000002C /* BubuDietWidgetBundle.swift in Sources */,
				4A000000000000000000002D /* WidgetSnapshot.swift in Sources */,
				4A000000000000000000002E /* Extensions.swift in Sources */,
				4A000000000000000000002F /* Constants.swift in Sources */,
			);
			runOnlyForDeploymentPostprocessing = 0;
		};
/* End PBXSourcesBuildPhase section */

/* Begin PBXTargetDependency section */
		2A0000000000000000000009 /* PBXTargetDependency */ = {
			isa = PBXTargetDependency;
			target = 2A000000000000000000000B /* BubuDietWidgetExtension */;
			targetProxy = 2A0000000000000000000008 /* PBXContainerItemProxy */;
		};
/* End PBXTargetDependency section */

/* Begin XCBuildConfiguration section */
		5A0000000000000000000010 /* Debug */ = {
			isa = XCBuildConfiguration;
			buildSettings = {
				CLANG_ENABLE_MODULES = YES;
				IPHONEOS_DEPLOYMENT_TARGET = 17.0;
				SDKROOT = iphoneos;
				SWIFT_VERSION = 5.0;
				TARGETED_DEVICE_FAMILY = 1;
			};
			name = Debug;
		};
		5A0000000000000000000011 /* Release */ = {
			isa = XCBuildConfiguration;
			buildSettings = {
				CLANG_ENABLE_MODULES = YES;
				IPHONEOS_DEPLOYMENT_TARGET = 17.0;
				SDKROOT = iphoneos;
				SWIFT_VERSION = 5.0;
				TARGETED_DEVICE_FAMILY = 1;
			};
			name = Release;
		};
		5A0000000000000000000012 /* Debug */ = {
			isa = XCBuildConfiguration;
			buildSettings = {
				ASSETCATALOG_COMPILER_GLOBAL_ACCENT_COLOR_NAME = AccentColor;
				CODE_SIGN_ENTITLEMENTS = BubuDiet/BubuDiet.entitlements;
				CODE_SIGN_STYLE = Automatic;
				CURRENT_PROJECT_VERSION = 1;
				DEVELOPMENT_TEAM = VR3668U55A;
				GENERATE_INFOPLIST_FILE = NO;
				INFOPLIST_FILE = "BubuDiet/Resources/BubuDiet-Info.plist";
				IPHONEOS_DEPLOYMENT_TARGET = 17.0;
				LD_RUNPATH_SEARCH_PATHS = (
					"$(inherited)",
					"@executable_path/Frameworks",
				);
				MARKETING_VERSION = 1.0;
				PRODUCT_BUNDLE_IDENTIFIER = com.personal.bubudiet;
				PRODUCT_NAME = "$(TARGET_NAME)";
				SDKROOT = iphoneos;
				SUPPORTED_PLATFORMS = "iphoneos iphonesimulator";
				SWIFT_VERSION = 5.0;
				TARGETED_DEVICE_FAMILY = 1;
			};
			name = Debug;
		};
		5A0000000000000000000013 /* Release */ = {
			isa = XCBuildConfiguration;
			buildSettings = {
				ASSETCATALOG_COMPILER_GLOBAL_ACCENT_COLOR_NAME = AccentColor;
				CODE_SIGN_ENTITLEMENTS = BubuDiet/BubuDiet.entitlements;
				CODE_SIGN_STYLE = Automatic;
				CURRENT_PROJECT_VERSION = 1;
				DEVELOPMENT_TEAM = VR3668U55A;
				GENERATE_INFOPLIST_FILE = NO;
				INFOPLIST_FILE = "BubuDiet/Resources/BubuDiet-Info.plist";
				IPHONEOS_DEPLOYMENT_TARGET = 17.0;
				LD_RUNPATH_SEARCH_PATHS = (
					"$(inherited)",
					"@executable_path/Frameworks",
				);
				MARKETING_VERSION = 1.0;
				PRODUCT_BUNDLE_IDENTIFIER = com.personal.bubudiet;
				PRODUCT_NAME = "$(TARGET_NAME)";
				SDKROOT = iphoneos;
				SUPPORTED_PLATFORMS = "iphoneos iphonesimulator";
				SWIFT_VERSION = 5.0;
				TARGETED_DEVICE_FAMILY = 1;
			};
			name = Release;
		};
		5A0000000000000000000014 /* Debug */ = {
			isa = XCBuildConfiguration;
			buildSettings = {
				APPLICATION_EXTENSION_API_ONLY = YES;
				CODE_SIGN_ENTITLEMENTS = BubuDiet/BubuDietWidget.entitlements;
				CODE_SIGN_STYLE = Automatic;
				CURRENT_PROJECT_VERSION = 1;
				DEVELOPMENT_TEAM = VR3668U55A;
				GENERATE_INFOPLIST_FILE = NO;
				INFOPLIST_FILE = "BubuDiet/Resources/BubuDietWidget-Info.plist";
				IPHONEOS_DEPLOYMENT_TARGET = 17.0;
				LD_RUNPATH_SEARCH_PATHS = (
					"$(inherited)",
					"@executable_path/Frameworks",
					"@executable_path/../../Frameworks",
				);
				MARKETING_VERSION = 1.0;
				PRODUCT_BUNDLE_IDENTIFIER = com.personal.bubudiet.widget;
				PRODUCT_NAME = "$(TARGET_NAME)";
				SDKROOT = iphoneos;
				SKIP_INSTALL = YES;
				SUPPORTED_PLATFORMS = "iphoneos iphonesimulator";
				SWIFT_VERSION = 5.0;
				TARGETED_DEVICE_FAMILY = 1;
			};
			name = Debug;
		};
		5A0000000000000000000015 /* Release */ = {
			isa = XCBuildConfiguration;
			buildSettings = {
				APPLICATION_EXTENSION_API_ONLY = YES;
				CODE_SIGN_ENTITLEMENTS = BubuDiet/BubuDietWidget.entitlements;
				CODE_SIGN_STYLE = Automatic;
				CURRENT_PROJECT_VERSION = 1;
				DEVELOPMENT_TEAM = VR3668U55A;
				GENERATE_INFOPLIST_FILE = NO;
				INFOPLIST_FILE = "BubuDiet/Resources/BubuDietWidget-Info.plist";
				IPHONEOS_DEPLOYMENT_TARGET = 17.0;
				LD_RUNPATH_SEARCH_PATHS = (
					"$(inherited)",
					"@executable_path/Frameworks",
					"@executable_path/../../Frameworks",
				);
				MARKETING_VERSION = 1.0;
				PRODUCT_BUNDLE_IDENTIFIER = com.personal.bubudiet.widget;
				PRODUCT_NAME = "$(TARGET_NAME)";
				SDKROOT = iphoneos;
				SKIP_INSTALL = YES;
				SUPPORTED_PLATFORMS = "iphoneos iphonesimulator";
				SWIFT_VERSION = 5.0;
				TARGETED_DEVICE_FAMILY = 1;
			};
			name = Release;
		};
/* End XCBuildConfiguration section */

/* Begin XCConfigurationList section */
		5A0000000000000000000001 /* Build configuration list for PBXProject "BubuDiet" */ = {
			isa = XCConfigurationList;
			buildConfigurations = (
				5A0000000000000000000010 /* Debug */,
				5A0000000000000000000011 /* Release */,
			);
			defaultConfigurationIsVisible = 0;
			defaultConfigurationName = Release;
		};
		5A0000000000000000000002 /* Build configuration list for PBXNativeTarget "BubuDiet" */ = {
			isa = XCConfigurationList;
			buildConfigurations = (
				5A0000000000000000000012 /* Debug */,
				5A0000000000000000000013 /* Release */,
			);
			defaultConfigurationIsVisible = 0;
			defaultConfigurationName = Release;
		};
		5A0000000000000000000003 /* Build configuration list for PBXNativeTarget "BubuDietWidgetExtension" */ = {
			isa = XCConfigurationList;
			buildConfigurations = (
				5A0000000000000000000014 /* Debug */,
				5A0000000000000000000015 /* Release */,
			);
			defaultConfigurationIsVisible = 0;
			defaultConfigurationName = Release;
		};
/* End XCConfigurationList section */
	};
	rootObject = 1A0000000000000000000001 /* Project object */;
}
